
Microsoft Visual Studio Solution File, Format Version 12.00
# Visual Studio Version 17
VisualStudioVersion = 17.3.32819.101
MinimumVisualStudioVersion = 10.0.40219.1
Project("{FAE04EC0-301F-11D3-BF4B-00C04F79EFBC}") = "project2-API", "project2-API.csproj", "{1FA58BEB-728C-4DE5-8836-A646ECEB562D}"
EndProject
Global
	GlobalSection(SolutionConfigurationPlatforms) = preSolution
		Debug|Any CPU = Debug|Any CPU
		Release|Any CPU = Release|Any CPU
	EndGlobalSection
	GlobalSection(ProjectConfigurationPlatforms) = postSolution
		{1FA58BEB-728C-4DE5-8836-A646ECEB562D}.Debug|Any CPU.ActiveCfg = Debug|Any CPU
		{1FA58BEB-728C-4DE5-8836-A646ECEB562D}.Debug|Any CPU.Build.0 = Debug|Any CPU
		{1FA58BEB-728C-4DE5-8836-A646ECEB562D}.Release|Any CPU.ActiveCfg = Release|Any CPU
		{1FA58BEB-728C-4DE5-8836-A646ECEB562D}.Release|Any CPU.Build.0 = Release|Any CPU
	EndGlobalSection
	GlobalSection(SolutionProperties) = preSolution
		HideSolutionNode = FALSE
	EndGlobalSection
	GlobalSection(ExtensibilityGlobals) = postSolution
		SolutionGuid = {DE5D9C8A-8B97-4C65-ADD5-AC8E6BE6832A}
	EndGlobalSection
EndGlobal
